// !$*UTF8*$!
{
	archiveVersion = 1;
	classes = {
	};
	objectVersion = 50;
	objects = {

/* Begin PBXBuildFile section */
		3B7AD12625344A4A0090BF97 /* penguinApp.swift in Sources */ = {isa = PBXBuildFile; fileRef = 3B7AD12525344A4A0090BF97 /* penguinApp.swift */; };
		3B7AD12825344A4A0090BF97 /* ContentView.swift in Sources */ = {isa = PBXBuildFile; fileRef = 3B7AD12725344A4A0090BF97 /* ContentView.swift */; };
		3B7AD12A25344A4B0090BF97 /* Assets.xcassets in Resources */ = {isa = PBXBuildFile; fileRef = 3B7AD12925344A4B0090BF97 /* Assets.xcassets */; };
		3B7AD12D25344A4B0090BF97 /* Preview Assets.xcassets in Resources */ = {isa = PBXBuildFile; fileRef = 3B7AD12C25344A4B0090BF97 /* Preview Assets.xcassets */; };
		3B7AD12F25344A4B0090BF97 /* Persistence.swift in Sources */ = {isa = PBXBuildFile; fileRef = 3B7AD12E25344A4B0090BF97 /* Persistence.swift */; };
		3B7AD13225344A4B0090BF97 /* penguin.xcdatamodeld in Sources */ = {isa = PBXBuildFile; fileRef = 3B7AD13025344A4B0090BF97 /* penguin.xcdatamodeld */; };
		3B7AD13B25344A850090BF97 /* CharacterList.swift in Sources */ = {isa = PBXBuildFile; fileRef = 3B7AD13A25344A850090BF97 /* CharacterList.swift */; };
		3B7AD13E25344AD80090BF97 /* CharacterPenguin.swift in Sources */ = {isa = PBXBuildFile; fileRef = 3B7AD13D25344AD80090BF97 /* CharacterPenguin.swift */; };
		3B7AD14125344B050090BF97 /* CharacterView.swift in Sources */ = {isa = PBXBuildFile; fileRef = 3B7AD14025344B050090BF97 /* CharacterView.swift */; };
		3B7AD14425344B270090BF97 /* Character.swift in Sources */ = {isa = PBXBuildFile; fileRef = 3B7AD14325344B270090BF97 /* Character.swift */; };
		3B7AD14725344B430090BF97 /* CharacterDetail.swift in Sources */ = {isa = PBXBuildFile; fileRef = 3B7AD14625344B430090BF97 /* CharacterDetail.swift */; };
		3B7AD14A25344B5D0090BF97 /* AppView.swift in Sources */ = {isa = PBXBuildFile; fileRef = 3B7AD14925344B5D0090BF97 /* AppView.swift */; };
		4BEAB9E82536A72F00D3839E /* linker.swift in Sources */ = {isa = PBXBuildFile; fileRef = 4BEAB9E72536A72F00D3839E /* linker.swift */; };
		53003D0B253737EA0078BD04 /* wall.swift in Sources */ = {isa = PBXBuildFile; fileRef = 53003D0A253737EA0078BD04 /* wall.swift */; };
/* End PBXBuildFile section */

/* Begin PBXFileReference section */
		3B7AD12225344A4A0090BF97 /* penguin.app */ = {isa = PBXFileReference; explicitFileType = wrapper.application; includeInIndex = 0; path = penguin.app; sourceTree = BUILT_PRODUCTS_DIR; };
		3B7AD12525344A4A0090BF97 /* penguinApp.swift */ = {isa = PBXFileReference; lastKnownFileType = sourcecode.swift; path = penguinApp.swift; sourceTree = "<group>"; };
		3B7AD12725344A4A0090BF97 /* ContentView.swift */ = {isa = PBXFileReference; lastKnownFileType = sourcecode.swift; path = ContentView.swift; sourceTree = "<group>"; };
		3B7AD12925344A4B0090BF97 /* Assets.xcassets */ = {isa = PBXFileReference; lastKnownFileType = folder.assetcatalog; path = Assets.xcassets; sourceTree = "<group>"; };
		3B7AD12C25344A4B0090BF97 /* Preview Assets.xcassets */ = {isa = PBXFileReference; lastKnownFileType = folder.assetcatalog; path = "Preview Assets.xcassets"; sourceTree = "<group>"; };
		3B7AD12E25344A4B0090BF97 /* Persistence.swift */ = {isa = PBXFileReference; lastKnownFileType = sourcecode.swift; path = Persistence.swift; sourceTree = "<group>"; };
		3B7AD13125344A4B0090BF97 /* penguin.xcdatamodel */ = {isa = PBXFileReference; lastKnownFileType = wrapper.xcdatamodel; path = penguin.xcdatamodel; sourceTree = "<group>"; };
		3B7AD13325344A4B0090BF97 /* Info.plist */ = {isa = PBXFileReference; lastKnownFileType = text.plist.xml; path = Info.plist; sourceTree = "<group>"; };
		3B7AD13A25344A850090BF97 /* CharacterList.swift */ = {isa = PBXFileReference; lastKnownFileType = sourcecode.swift; path = CharacterList.swift; sourceTree = "<group>"; };
		3B7AD13D25344AD80090BF97 /* CharacterPenguin.swift */ = {isa = PBXFileReference; lastKnownFileType = sourcecode.swift; path = CharacterPenguin.swift; sourceTree = "<group>"; };
		3B7AD14025344B050090BF97 /* CharacterView.swift */ = {isa = PBXFileReference; lastKnownFileType = sourcecode.swift; path = CharacterView.swift; sourceTree = "<group>"; };
		3B7AD14325344B270090BF97 /* Character.swift */ = {isa = PBXFileReference; lastKnownFileType = sourcecode.swift; path = Character.swift; sourceTree = "<group>"; };
		3B7AD14625344B430090BF97 /* CharacterDetail.swift */ = {isa = PBXFileReference; lastKnownFileType = sourcecode.swift; path = CharacterDetail.swift; sourceTree = "<group>"; };
		3B7AD14925344B5D0090BF97 /* AppView.swift */ = {isa = PBXFileReference; lastKnownFileType = sourcecode.swift; path = AppView.swift; sourceTree = "<group>"; };
		4BEAB9E72536A72F00D3839E /* linker.swift */ = {isa = PBXFileReference; lastKnownFileType = sourcecode.swift; path = linker.swift; sourceTree = "<group>"; };
		53003D0A253737EA0078BD04 /* wall.swift */ = {isa = PBXFileReference; lastKnownFileType = sourcecode.swift; path = wall.swift; sourceTree = "<group>"; };
/* End PBXFileReference section */

/* Begin PBXFrameworksBuildPhase section */
		3B7AD11F25344A4A0090BF97 /* Frameworks */ = {
			isa = PBXFrameworksBuildPhase;
			buildActionMask = 2147483647;
			files = (
			);
			runOnlyForDeploymentPostprocessing = 0;
		};
/* End PBXFrameworksBuildPhase section */

/* Begin PBXGroup section */
		3B7AD11925344A4A0090BF97 = {
			isa = PBXGroup;
			children = (
				3B7AD12425344A4A0090BF97 /* penguin */,
				3B7AD12325344A4A0090BF97 /* Products */,
			);
			sourceTree = "<group>";
		};
		3B7AD12325344A4A0090BF97 /* Products */ = {
			isa = PBXGroup;
			children = (
				3B7AD12225344A4A0090BF97 /* penguin.app */,
			);
			name = Products;
			sourceTree = "<group>";
		};
		3B7AD12425344A4A0090BF97 /* penguin */ = {
			isa = PBXGroup;
			children = (
				3B7AD12525344A4A0090BF97 /* penguinApp.swift */,
				3B7AD12725344A4A0090BF97 /* ContentView.swift */,
				3B7AD12925344A4B0090BF97 /* Assets.xcassets */,
				3B7AD13D25344AD80090BF97 /* CharacterPenguin.swift */,
				3B7AD12E25344A4B0090BF97 /* Persistence.swift */,
				3B7AD14025344B050090BF97 /* CharacterView.swift */,
				4BEAB9E72536A72F00D3839E /* linker.swift */,
				3B7AD14325344B270090BF97 /* Character.swift */,
				53003D0A253737EA0078BD04 /* wall.swift */,
				3B7AD13A25344A850090BF97 /* CharacterList.swift */,
				3B7AD14625344B430090BF97 /* CharacterDetail.swift */,
				3B7AD14925344B5D0090BF97 /* AppView.swift */,
				3B7AD13325344A4B0090BF97 /* Info.plist */,
				3B7AD13025344A4B0090BF97 /* penguin.xcdatamodeld */,
				3B7AD12B25344A4B0090BF97 /* Preview Content */,
			);
			path = penguin;
			sourceTree = "<group>";
		};
		3B7AD12B25344A4B0090BF97 /* Preview Content */ = {
			isa = PBXGroup;
			children = (
				3B7AD12C25344A4B0090BF97 /* Preview Assets.xcassets */,
			);
			path = "Preview Content";
			sourceTree = "<group>";
		};
/* End PBXGroup section */

/* Begin PBXNativeTarget section */
		3B7AD12125344A4A0090BF97 /* penguin */ = {
			isa = PBXNativeTarget;
			buildConfigurationList = 3B7AD13625344A4B0090BF97 /* Build configuration list for PBXNativeTarget "penguin" */;
			buildPhases = (
				3B7AD11E25344A4A0090BF97 /* Sources */,
				3B7AD11F25344A4A0090BF97 /* Frameworks */,
				3B7AD12025344A4A0090BF97 /* Resources */,
			);
			buildRules = (
			);
			dependencies = (
			);
			name = penguin;
			productName = penguin;
			productReference = 3B7AD12225344A4A0090BF97 /* penguin.app */;
			productType = "com.apple.product-type.application";
		};
/* End PBXNativeTarget section */

/* Begin PBXProject section */
		3B7AD11A25344A4A0090BF97 /* Project object */ = {
			isa = PBXProject;
			attributes = {
				LastSwiftUpdateCheck = 1200;
				LastUpgradeCheck = 1200;
				TargetAttributes = {
					3B7AD12125344A4A0090BF97 = {
						CreatedOnToolsVersion = 12.0;
					};
				};
			};
			buildConfigurationList = 3B7AD11D25344A4A0090BF97 /* Build configuration list for PBXProject "penguin" */;
			compatibilityVersion = "Xcode 9.3";
			developmentRegion = en;
			hasScannedForEncodings = 0;
			knownRegions = (
				en,
				Base,
			);
			mainGroup = 3B7AD11925344A4A0090BF97;
			productRefGroup = 3B7AD12325344A4A0090BF97 /* Products */;
			projectDirPath = "";
			projectRoot = "";
			targets = (
				3B7AD12125344A4A0090BF97 /* penguin */,
			);
		};
/* End PBXProject section */

/* Begin PBXResourcesBuildPhase section */
		3B7AD12025344A4A0090BF97 /* Resources */ = {
			isa = PBXResourcesBuildPhase;
			buildActionMask = 2147483647;
			files = (
				3B7AD12D25344A4B0090BF97 /* Preview Assets.xcassets in Resources */,
				3B7AD12A25344A4B0090BF97 /* Assets.xcassets in Resources */,
			);
			runOnlyForDeploymentPostprocessing = 0;
		};
/* End PBXResourcesBuildPhase section */

/* Begin PBXSourcesBuildPhase section */
		3B7AD11E25344A4A0090BF97 /* Sources */ = {
			isa = PBXSourcesBuildPhase;
			buildActionMask = 2147483647;
			files = (
				3B7AD14725344B430090BF97 /* CharacterDetail.swift in Sources */,
				3B7AD13E25344AD80090BF97 /* CharacterPenguin.swift in Sources */,
				3B7AD12F25344A4B0090BF97 /* Persistence.swift in Sources */,
				3B7AD12825344A4A0090BF97 /* ContentView.swift in Sources */,
				3B7AD13B25344A850090BF97 /* CharacterList.swift in Sources */,
				3B7AD13225344A4B0090BF97 /* penguin.xcdatamodeld in Sources */,
				3B7AD12625344A4A0090BF97 /* penguinApp.swift in Sources */,
				3B7AD14125344B050090BF97 /* CharacterView.swift in Sources */,
				4BEAB9E82536A72F00D3839E /* linker.swift in Sources */,
				53003D0B253737EA0078BD04 /* wall.swift in Sources */,
				3B7AD14A25344B5D0090BF97 /* AppView.swift in Sources */,
				3B7AD14425344B270090BF97 /* Character.swift in Sources */,
			);
			runOnlyForDeploymentPostprocessing = 0;
		};
/* End PBXSourcesBuildPhase section */

/* Begin XCBuildConfiguration section */
		3B7AD13425344A4B0090BF97 /* Debug */ = {
			isa = XCBuildConfiguration;
			buildSettings = {
				ALWAYS_SEARCH_USER_PATHS = NO;
				CLANG_ANALYZER_NONNULL = YES;
				CLANG_ANALYZER_NUMBER_OBJECT_CONVERSION = YES_AGGRESSIVE;
				CLANG_CXX_LANGUAGE_STANDARD = "gnu++14";
				CLANG_CXX_LIBRARY = "libc++";
				CLANG_ENABLE_MODULES = YES;
				CLANG_ENABLE_OBJC_ARC = YES;
				CLANG_ENABLE_OBJC_WEAK = YES;
				CLANG_WARN_BLOCK_CAPTURE_AUTORELEASING = YES;
				CLANG_WARN_BOOL_CONVERSION = YES;
				CLANG_WARN_COMMA = YES;
				CLANG_WARN_CONSTANT_CONVERSION = YES;
				CLANG_WARN_DEPRECATED_OBJC_IMPLEMENTATIONS = YES;
				CLANG_WARN_DIRECT_OBJC_ISA_USAGE = YES_ERROR;
				CLANG_WARN_DOCUMENTATION_COMMENTS = YES;
				CLANG_WARN_EMPTY_BODY = YES;
				CLANG_WARN_ENUM_CONVERSION = YES;
				CLANG_WARN_INFINITE_RECURSION = YES;
				CLANG_WARN_INT_CONVERSION = YES;
				CLANG_WARN_NON_LITERAL_NULL_CONVERSION = YES;
				CLANG_WARN_OBJC_IMPLICIT_RETAIN_SELF = YES;
				CLANG_WARN_OBJC_LITERAL_CONVERSION = YES;
				CLANG_WARN_OBJC_ROOT_CLASS = YES_ERROR;
				CLANG_WARN_QUOTED_INCLUDE_IN_FRAMEWORK_HEADER = YES;
				CLANG_WARN_RANGE_LOOP_ANALYSIS = YES;
				CLANG_WARN_STRICT_PROTOTYPES = YES;
				CLANG_WARN_SUSPICIOUS_MOVE = YES;
				CLANG_WARN_UNGUARDED_AVAILABILITY = YES_AGGRESSIVE;
				CLANG_WARN_UNREACHABLE_CODE = YES;
				CLANG_WARN__DUPLICATE_METHOD_MATCH = YES;
				COPY_PHASE_STRIP = NO;
				DEBUG_INFORMATION_FORMAT = dwarf;
				ENABLE_STRICT_OBJC_MSGSEND = YES;
				ENABLE_TESTABILITY = YES;
				GCC_C_LANGUAGE_STANDARD = gnu11;
				GCC_DYNAMIC_NO_PIC = NO;
				GCC_NO_COMMON_BLOCKS = YES;
				GCC_OPTIMIZATION_LEVEL = 0;
				GCC_PREPROCESSOR_DEFINITIONS = (
					"DEBUG=1",
					"$(inherited)",
				);
				GCC_WARN_64_TO_32_BIT_CONVERSION = YES;
				GCC_WARN_ABOUT_RETURN_TYPE = YES_ERROR;
				GCC_WARN_UNDECLARED_SELECTOR = YES;
				GCC_WARN_UNINITIALIZED_AUTOS = YES_AGGRESSIVE;
				GCC_WARN_UNUSED_FUNCTION = YES;
				GCC_WARN_UNUSED_VARIABLE = YES;
				IPHONEOS_DEPLOYMENT_TARGET = 14.0;
				MTL_ENABLE_DEBUG_INFO = INCLUDE_SOURCE;
				MTL_FAST_MATH = YES;
				ONLY_ACTIVE_ARCH = YES;
				SDKROOT = iphoneos;
				SWIFT_ACTIVE_COMPILATION_CONDITIONS = DEBUG;
				SWIFT_OPTIMIZATION_LEVEL = "-Onone";
			};
			name = Debug;
		};
		3B7AD13525344A4B0090BF97 /* Release */ = {
			isa = XCBuildConfiguration;
			buildSettings = {
				ALWAYS_SEARCH_USER_PATHS = NO;
				CLANG_ANALYZER_NONNULL = YES;
				CLANG_ANALYZER_NUMBER_OBJECT_CONVERSION = YES_AGGRESSIVE;
				CLANG_CXX_LANGUAGE_STANDARD = "gnu++14";
				CLANG_CXX_LIBRARY = "libc++";
				CLANG_ENABLE_MODULES = YES;
				CLANG_ENABLE_OBJC_ARC = YES;
				CLANG_ENABLE_OBJC_WEAK = YES;
				CLANG_WARN_BLOCK_CAPTURE_AUTORELEASING = YES;
				CLANG_WARN_BOOL_CONVERSION = YES;
				CLANG_WARN_COMMA = YES;
				CLANG_WARN_CONSTANT_CONVERSION = YES;
				CLANG_WARN_DEPRECATED_OBJC_IMPLEMENTATIONS = YES;
				CLANG_WARN_DIRECT_OBJC_ISA_USAGE = YES_ERROR;
				CLANG_WARN_DOCUMENTATION_COMMENTS = YES;
				CLANG_WARN_EMPTY_BODY = YES;
				CLANG_WARN_ENUM_CONVERSION = YES;
				CLANG_WARN_INFINITE_RECURSION = YES;
				CLANG_WARN_INT_CONVERSION = YES;
				CLANG_WARN_NON_LITERAL_NULL_CONVERSION = YES;
				CLANG_WARN_OBJC_IMPLICIT_RETAIN_SELF = YES;
				CLANG_WARN_OBJC_LITERAL_CONVERSION = YES;
				CLANG_WARN_OBJC_ROOT_CLASS = YES_ERROR;
				CLANG_WARN_QUOTED_INCLUDE_IN_FRAMEWORK_HEADER = YES;
				CLANG_WARN_RANGE_LOOP_ANALYSIS = YES;
				CLANG_WARN_STRICT_PROTOTYPES = YES;
				CLANG_WARN_SUSPICIOUS_MOVE = YES;
				CLANG_WARN_UNGUARDED_AVAILABILITY = YES_AGGRESSIVE;
				CLANG_WARN_UNREACHABLE_CODE = YES;
				CLANG_WARN__DUPLICATE_METHOD_MATCH = YES;
				COPY_PHASE_STRIP = NO;
				DEBUG_INFORMATION_FORMAT = "dwarf-with-dsym";
				ENABLE_NS_ASSERTIONS = NO;
				ENABLE_STRICT_OBJC_MSGSEND = YES;
				GCC_C_LANGUAGE_STANDARD = gnu11;
				GCC_NO_COMMON_BLOCKS = YES;
				GCC_WARN_64_TO_32_BIT_CONVERSION = YES;
				GCC_WARN_ABOUT_RETURN_TYPE = YES_ERROR;
				GCC_WARN_UNDECLARED_SELECTOR = YES;
				GCC_WARN_UNINITIALIZED_AUTOS = YES_AGGRESSIVE;
				GCC_WARN_UNUSED_FUNCTION = YES;
				GCC_WARN_UNUSED_VARIABLE = YES;
				IPHONEOS_DEPLOYMENT_TARGET = 14.0;
				MTL_ENABLE_DEBUG_INFO = NO;
				MTL_FAST_MATH = YES;
				SDKROOT = iphoneos;
				SWIFT_COMPILATION_MODE = wholemodule;
				SWIFT_OPTIMIZATION_LEVEL = "-O";
				VALIDATE_PRODUCT = YES;
			};
			name = Release;
		};
		3B7AD13725344A4B0090BF97 /* Debug */ = {
			isa = XCBuildConfiguration;
			buildSettings = {
				ASSETCATALOG_COMPILER_APPICON_NAME = AppIcon;
				ASSETCATALOG_COMPILER_GLOBAL_ACCENT_COLOR_NAME = AccentColor;
				CODE_SIGN_STYLE = Automatic;
				DEVELOPMENT_ASSET_PATHS = "\"penguin/Preview Content\"";
				ENABLE_PREVIEWS = YES;
				INFOPLIST_FILE = penguin/Info.plist;
				IPHONEOS_DEPLOYMENT_TARGET = 14.0;
				LD_RUNPATH_SEARCH_PATHS = (
					"$(inherited)",
					"@executable_path/Frameworks",
				);
				PRODUCT_BUNDLE_IDENTIFIER = com.peter.penguin;
				PRODUCT_NAME = "$(TARGET_NAME)";
				SWIFT_VERSION = 5.0;
				TARGETED_DEVICE_FAMILY = "1,2";
			};
			name = Debug;
		};
		3B7AD13825344A4B0090BF97 /* Release */ = {
			isa = XCBuildConfiguration;
			buildSettings = {
				ASSETCATALOG_COMPILER_APPICON_NAME = AppIcon;
				ASSETCATALOG_COMPILER_GLOBAL_ACCENT_COLOR_NAME = AccentColor;
				CODE_SIGN_STYLE = Automatic;
				DEVELOPMENT_ASSET_PATHS = "\"penguin/Preview Content\"";
				ENABLE_PREVIEWS = YES;
				INFOPLIST_FILE = penguin/Info.plist;
				IPHONEOS_DEPLOYMENT_TARGET = 14.0;
				LD_RUNPATH_SEARCH_PATHS = (
					"$(inherited)",
					"@executable_path/Frameworks",
				);
				PRODUCT_BUNDLE_IDENTIFIER = com.peter.penguin;
				PRODUCT_NAME = "$(TARGET_NAME)";
				SWIFT_VERSION = 5.0;
				TARGETED_DEVICE_FAMILY = "1,2";
			};
			name = Release;
		};
/* End XCBuildConfiguration section */

/* Begin XCConfigurationList section */
		3B7AD11D25344A4A0090BF97 /* Build configuration list for PBXProject "penguin" */ = {
			isa = XCConfigurationList;
			buildConfigurations = (
				3B7AD13425344A4B0090BF97 /* Debug */,
				3B7AD13525344A4B0090BF97 /* Release */,
			);
			defaultConfigurationIsVisible = 0;
			defaultConfigurationName = Release;
		};
		3B7AD13625344A4B0090BF97 /* Build configuration list for PBXNativeTarget "penguin" */ = {
			isa = XCConfigurationList;
			buildConfigurations = (
				3B7AD13725344A4B0090BF97 /* Debug */,
				3B7AD13825344A4B0090BF97 /* Release */,
			);
			defaultConfigurationIsVisible = 0;
			defaultConfigurationName = Release;
		};
/* End XCConfigurationList section */

/* Begin XCVersionGroup section */
		3B7AD13025344A4B0090BF97 /* penguin.xcdatamodeld */ = {
			isa = XCVersionGroup;
			children = (
				3B7AD13125344A4B0090BF97 /* penguin.xcdatamodel */,
			);
			currentVersion = 3B7AD13125344A4B0090BF97 /* penguin.xcdatamodel */;
			path = penguin.xcdatamodeld;
			sourceTree = "<group>";
			versionGroupType = wrapper.xcdatamodel;
		};
/* End XCVersionGroup section */
	};
	rootObject = 3B7AD11A25344A4A0090BF97 /* Project object */;
}
